
Microsoft Visual Studio Solution File, Format Version 12.00
# Visual Studio Version 17
VisualStudioVersion = 17.4.33122.133
MinimumVisualStudioVersion = 10.0.40219.1
Project("{FAE04EC0-301F-11D3-BF4B-00C04F79EFBC}") = "WindowsClinica", "WindowsClinica\WindowsClinica.csproj", "{4AF0915F-9074-4D3C-A1E4-BBC8231F0708}"
EndProject
Global
	GlobalSection(SolutionConfigurationPlatforms) = preSolution
		Debug|Any CPU = Debug|Any CPU
		Release|Any CPU = Release|Any CPU
	EndGlobalSection
	GlobalSection(ProjectConfigurationPlatforms) = postSolution
		{4AF0915F-9074-4D3C-A1E4-BBC8231F0708}.Debug|Any CPU.ActiveCfg = Debug|Any CPU
		{4AF0915F-9074-4D3C-A1E4-BBC8231F0708}.Debug|Any CPU.Build.0 = Debug|Any CPU
		{4AF0915F-9074-4D3C-A1E4-BBC8231F0708}.Release|Any CPU.ActiveCfg = Release|Any CPU
		{4AF0915F-9074-4D3C-A1E4-BBC8231F0708}.Release|Any CPU.Build.0 = Release|Any CPU
	EndGlobalSection
	GlobalSection(SolutionProperties) = preSolution
		HideSolutionNode = FALSE
	EndGlobalSection
	GlobalSection(ExtensibilityGlobals) = postSolution
		SolutionGuid = {ED97107B-9BBD-43FA-A640-E49C74F8BA3C}
	EndGlobalSection
EndGlobal
